
Microsoft Visual Studio Solution File, Format Version 12.00
# Visual Studio Version 17
VisualStudioVersion = 17.0.31903.59
MinimumVisualStudioVersion = 10.0.40219.1
Project("{9A19103F-16F7-4668-BE54-9A1E7A4F7556}") = "AICampExcersizes", "AICampExcersizes\AICampExcersizes.csproj", "{470C32D6-9B8F-48EB-BC8C-EC79C71AB1EB}"
EndProject
Project("{9A19103F-16F7-4668-BE54-9A1E7A4F7556}") = "8 Puzzle Solver", "8 Puzzle Solver\8 Puzzle Solver.csproj", "{AD184CB2-8BA4-4B3B-8937-08378D9E338A}"
EndProject
Project("{FAE04EC0-301F-11D3-BF4B-00C04F79EFBC}") = "AddCSPSolver", "AddCSPSolver\AddCSPSolver.csproj", "{87BBFE6A-65BD-4C47-8F94-4B9014298FD8}"
EndProject
Project("{FAE04EC0-301F-11D3-BF4B-00C04F79EFBC}") = "AIWorldLibrary", "AIWorldLibrary\AIWorldLibrary.csproj", "{3D8C9C69-CB5A-43C5-8C38-4AE10B627B29}"
EndProject
Project("{FAE04EC0-301F-11D3-BF4B-00C04F79EFBC}") = "ExpectiMax", "ExpectiMax\ExpectiMax.csproj", "{208F1CF3-4EBF-4B18-98E4-32CA1D54B453}"
EndProject
Project("{FAE04EC0-301F-11D3-BF4B-00C04F79EFBC}") = "EnvironmentAPI", "EnvironmentAPI\EnvironmentAPI.csproj", "{4F6A060C-EC63-4A77-A539-6FE1C50EF43C}"
EndProject
Project("{FAE04EC0-301F-11D3-BF4B-00C04F79EFBC}") = "AgentEnvironmentVisualizer", "AgentEnvironmentVisualizer\AgentEnvironmentVisualizer.csproj", "{FA6DC07B-B7CB-488B-B99A-B3D148747BBE}"
EndProject
Project("{FAE04EC0-301F-11D3-BF4B-00C04F79EFBC}") = "WarehouseAgent", "WarehouseAgent\WarehouseAgent.csproj", "{A7E33DF5-960B-450A-92F2-5A97E3FF62BE}"
EndProject
Project("{FAE04EC0-301F-11D3-BF4B-00C04F79EFBC}") = "NeuralNetworkLibrary", "NeuralNetworkLibrary\NeuralNetworkLibrary.csproj", "{C1A969AB-B620-4EC4-B358-409C2174145F}"
EndProject
Project("{FAE04EC0-301F-11D3-BF4B-00C04F79EFBC}") = "Environments", "Environments\Environments.csproj", "{B7892C44-15D7-4347-8710-8FF2BC2F1652}"
EndProject
Project("{FAE04EC0-301F-11D3-BF4B-00C04F79EFBC}") = "BayesGhostCatcher", "BayesGhostCatcher\BayesGhostCatcher.csproj", "{16E89AE3-9A6C-469E-A55A-3A5D6647BEF6}"
EndProject
Global
	GlobalSection(SolutionConfigurationPlatforms) = preSolution
		Debug|Any CPU = Debug|Any CPU
		Release|Any CPU = Release|Any CPU
	EndGlobalSection
	GlobalSection(ProjectConfigurationPlatforms) = postSolution
		{470C32D6-9B8F-48EB-BC8C-EC79C71AB1EB}.Debug|Any CPU.ActiveCfg = Debug|Any CPU
		{470C32D6-9B8F-48EB-BC8C-EC79C71AB1EB}.Debug|Any CPU.Build.0 = Debug|Any CPU
		{470C32D6-9B8F-48EB-BC8C-EC79C71AB1EB}.Release|Any CPU.ActiveCfg = Release|Any CPU
		{470C32D6-9B8F-48EB-BC8C-EC79C71AB1EB}.Release|Any CPU.Build.0 = Release|Any CPU
		{AD184CB2-8BA4-4B3B-8937-08378D9E338A}.Debug|Any CPU.ActiveCfg = Debug|Any CPU
		{AD184CB2-8BA4-4B3B-8937-08378D9E338A}.Debug|Any CPU.Build.0 = Debug|Any CPU
		{AD184CB2-8BA4-4B3B-8937-08378D9E338A}.Release|Any CPU.ActiveCfg = Release|Any CPU
		{AD184CB2-8BA4-4B3B-8937-08378D9E338A}.Release|Any CPU.Build.0 = Release|Any CPU
		{87BBFE6A-65BD-4C47-8F94-4B9014298FD8}.Debug|Any CPU.ActiveCfg = Debug|Any CPU
		{87BBFE6A-65BD-4C47-8F94-4B9014298FD8}.Debug|Any CPU.Build.0 = Debug|Any CPU
		{87BBFE6A-65BD-4C47-8F94-4B9014298FD8}.Release|Any CPU.ActiveCfg = Release|Any CPU
		{87BBFE6A-65BD-4C47-8F94-4B9014298FD8}.Release|Any CPU.Build.0 = Release|Any CPU
		{3D8C9C69-CB5A-43C5-8C38-4AE10B627B29}.Debug|Any CPU.ActiveCfg = Debug|Any CPU
		{3D8C9C69-CB5A-43C5-8C38-4AE10B627B29}.Debug|Any CPU.Build.0 = Debug|Any CPU
		{3D8C9C69-CB5A-43C5-8C38-4AE10B627B29}.Release|Any CPU.ActiveCfg = Release|Any CPU
		{3D8C9C69-CB5A-43C5-8C38-4AE10B627B29}.Release|Any CPU.Build.0 = Release|Any CPU
		{208F1CF3-4EBF-4B18-98E4-32CA1D54B453}.Debug|Any CPU.ActiveCfg = Debug|Any CPU
		{208F1CF3-4EBF-4B18-98E4-32CA1D54B453}.Debug|Any CPU.Build.0 = Debug|Any CPU
		{208F1CF3-4EBF-4B18-98E4-32CA1D54B453}.Release|Any CPU.ActiveCfg = Release|Any CPU
		{208F1CF3-4EBF-4B18-98E4-32CA1D54B453}.Release|Any CPU.Build.0 = Release|Any CPU
		{4F6A060C-EC63-4A77-A539-6FE1C50EF43C}.Debug|Any CPU.ActiveCfg = Debug|Any CPU
		{4F6A060C-EC63-4A77-A539-6FE1C50EF43C}.Debug|Any CPU.Build.0 = Debug|Any CPU
		{4F6A060C-EC63-4A77-A539-6FE1C50EF43C}.Release|Any CPU.ActiveCfg = Release|Any CPU
		{4F6A060C-EC63-4A77-A539-6FE1C50EF43C}.Release|Any CPU.Build.0 = Release|Any CPU
		{FA6DC07B-B7CB-488B-B99A-B3D148747BBE}.Debug|Any CPU.ActiveCfg = Debug|Any CPU
		{FA6DC07B-B7CB-488B-B99A-B3D148747BBE}.Debug|Any CPU.Build.0 = Debug|Any CPU
		{FA6DC07B-B7CB-488B-B99A-B3D148747BBE}.Release|Any CPU.ActiveCfg = Release|Any CPU
		{FA6DC07B-B7CB-488B-B99A-B3D148747BBE}.Release|Any CPU.Build.0 = Release|Any CPU
		{A7E33DF5-960B-450A-92F2-5A97E3FF62BE}.Debug|Any CPU.ActiveCfg = Debug|Any CPU
		{A7E33DF5-960B-450A-92F2-5A97E3FF62BE}.Debug|Any CPU.Build.0 = Debug|Any CPU
		{A7E33DF5-960B-450A-92F2-5A97E3FF62BE}.Release|Any CPU.ActiveCfg = Release|Any CPU
		{A7E33DF5-960B-450A-92F2-5A97E3FF62BE}.Release|Any CPU.Build.0 = Release|Any CPU
		{C1A969AB-B620-4EC4-B358-409C2174145F}.Debug|Any CPU.ActiveCfg = Debug|Any CPU
		{C1A969AB-B620-4EC4-B358-409C2174145F}.Debug|Any CPU.Build.0 = Debug|Any CPU
		{C1A969AB-B620-4EC4-B358-409C2174145F}.Release|Any CPU.ActiveCfg = Release|Any CPU
		{C1A969AB-B620-4EC4-B358-409C2174145F}.Release|Any CPU.Build.0 = Release|Any CPU
		{B7892C44-15D7-4347-8710-8FF2BC2F1652}.Debug|Any CPU.ActiveCfg = Debug|Any CPU
		{B7892C44-15D7-4347-8710-8FF2BC2F1652}.Debug|Any CPU.Build.0 = Debug|Any CPU
		{B7892C44-15D7-4347-8710-8FF2BC2F1652}.Release|Any CPU.ActiveCfg = Release|Any CPU
		{B7892C44-15D7-4347-8710-8FF2BC2F1652}.Release|Any CPU.Build.0 = Release|Any CPU
		{16E89AE3-9A6C-469E-A55A-3A5D6647BEF6}.Debug|Any CPU.ActiveCfg = Debug|Any CPU
		{16E89AE3-9A6C-469E-A55A-3A5D6647BEF6}.Debug|Any CPU.Build.0 = Debug|Any CPU
		{16E89AE3-9A6C-469E-A55A-3A5D6647BEF6}.Release|Any CPU.ActiveCfg = Release|Any CPU
		{16E89AE3-9A6C-469E-A55A-3A5D6647BEF6}.Release|Any CPU.Build.0 = Release|Any CPU
	EndGlobalSection
	GlobalSection(SolutionProperties) = preSolution
		HideSolutionNode = FALSE
	EndGlobalSection
	GlobalSection(ExtensibilityGlobals) = postSolution
		SolutionGuid = {EFC05CFB-E42A-4FD5-AF66-73A2C92F14E2}
	EndGlobalSection
EndGlobal
