
Microsoft Visual Studio Solution File, Format Version 12.00
# Visual Studio Version 17
VisualStudioVersion = 17.0.31903.59
MinimumVisualStudioVersion = 10.0.40219.1
Project("{9A19103F-16F7-4668-BE54-9A1E7A4F7556}") = "AICampExcersizes", "AICampExcersizes\AICampExcersizes.csproj", "{470C32D6-9B8F-48EB-BC8C-EC79C71AB1EB}"
EndProject
Project("{9A19103F-16F7-4668-BE54-9A1E7A4F7556}") = "Visualizer", "Visualizer\Visualizer.csproj", "{C625AACF-27EA-4683-B049-46554816B193}"
EndProject
Project("{FAE04EC0-301F-11D3-BF4B-00C04F79EFBC}") = "8 Puzzle Solver", "8 Puzzle Solver\8 Puzzle Solver.csproj", "{AD184CB2-8BA4-4B3B-8937-08378D9E338A}"
EndProject
Global
	GlobalSection(SolutionConfigurationPlatforms) = preSolution
		Debug|Any CPU = Debug|Any CPU
		Release|Any CPU = Release|Any CPU
	EndGlobalSection
	GlobalSection(ProjectConfigurationPlatforms) = postSolution
		{470C32D6-9B8F-48EB-BC8C-EC79C71AB1EB}.Debug|Any CPU.ActiveCfg = Debug|Any CPU
		{470C32D6-9B8F-48EB-BC8C-EC79C71AB1EB}.Debug|Any CPU.Build.0 = Debug|Any CPU
		{470C32D6-9B8F-48EB-BC8C-EC79C71AB1EB}.Release|Any CPU.ActiveCfg = Release|Any CPU
		{470C32D6-9B8F-48EB-BC8C-EC79C71AB1EB}.Release|Any CPU.Build.0 = Release|Any CPU
		{C625AACF-27EA-4683-B049-46554816B193}.Debug|Any CPU.ActiveCfg = Debug|Any CPU
		{C625AACF-27EA-4683-B049-46554816B193}.Debug|Any CPU.Build.0 = Debug|Any CPU
		{C625AACF-27EA-4683-B049-46554816B193}.Release|Any CPU.ActiveCfg = Release|Any CPU
		{C625AACF-27EA-4683-B049-46554816B193}.Release|Any CPU.Build.0 = Release|Any CPU
		{AD184CB2-8BA4-4B3B-8937-08378D9E338A}.Debug|Any CPU.ActiveCfg = Debug|Any CPU
		{AD184CB2-8BA4-4B3B-8937-08378D9E338A}.Debug|Any CPU.Build.0 = Debug|Any CPU
		{AD184CB2-8BA4-4B3B-8937-08378D9E338A}.Release|Any CPU.ActiveCfg = Release|Any CPU
		{AD184CB2-8BA4-4B3B-8937-08378D9E338A}.Release|Any CPU.Build.0 = Release|Any CPU
	EndGlobalSection
	GlobalSection(SolutionProperties) = preSolution
		HideSolutionNode = FALSE
	EndGlobalSection
	GlobalSection(ExtensibilityGlobals) = postSolution
		SolutionGuid = {EFC05CFB-E42A-4FD5-AF66-73A2C92F14E2}
	EndGlobalSection
EndGlobal
